// !$*UTF8*$!
{
	archiveVersion = 1;
	classes = {
	};
	objectVersion = 56;
	objects = {

/* Begin PBXBuildFile section */
		64262C7C2BC423CD00F644A7 /* quizappApp.swift in Sources */ = {isa = PBXBuildFile; fileRef = 64262C7B2BC423CD00F644A7 /* quizappApp.swift */; };
		64262C802BC423D000F644A7 /* Assets.xcassets in Resources */ = {isa = PBXBuildFile; fileRef = 64262C7F2BC423D000F644A7 /* Assets.xcassets */; };
		64262C842BC423D000F644A7 /* Preview Assets.xcassets in Resources */ = {isa = PBXBuildFile; fileRef = 64262C832BC423D000F644A7 /* Preview Assets.xcassets */; };
		64262C8E2BC423D000F644A7 /* quizappTests.swift in Sources */ = {isa = PBXBuildFile; fileRef = 64262C8D2BC423D000F644A7 /* quizappTests.swift */; };
		64262C982BC423D000F644A7 /* quizappUITests.swift in Sources */ = {isa = PBXBuildFile; fileRef = 64262C972BC423D000F644A7 /* quizappUITests.swift */; };
		64262C9A2BC423D000F644A7 /* quizappUITestsLaunchTests.swift in Sources */ = {isa = PBXBuildFile; fileRef = 64262C992BC423D000F644A7 /* quizappUITestsLaunchTests.swift */; };
		64262CA92BC42C2600F644A7 /* FastAnswerQuestion.swift in Sources */ = {isa = PBXBuildFile; fileRef = 64262CA82BC42C2600F644A7 /* FastAnswerQuestion.swift */; };
		644A29F02BC56FB700811CC4 /* ContentView.swift in Sources */ = {isa = PBXBuildFile; fileRef = 64262C7D2BC423CD00F644A7 /* ContentView.swift */; };
/* End PBXBuildFile section */

/* Begin PBXContainerItemProxy section */
		64262C8A2BC423D000F644A7 /* PBXContainerItemProxy */ = {
			isa = PBXContainerItemProxy;
			containerPortal = 64262C702BC423CD00F644A7 /* Project object */;
			proxyType = 1;
			remoteGlobalIDString = 64262C772BC423CD00F644A7;
			remoteInfo = quizapp;
		};
		64262C942BC423D000F644A7 /* PBXContainerItemProxy */ = {
			isa = PBXContainerItemProxy;
			containerPortal = 64262C702BC423CD00F644A7 /* Project object */;
			proxyType = 1;
			remoteGlobalIDString = 64262C772BC423CD00F644A7;
			remoteInfo = quizapp;
		};
/* End PBXContainerItemProxy section */

/* Begin PBXFileReference section */
		64262C782BC423CD00F644A7 /* quizapp.app */ = {isa = PBXFileReference; explicitFileType = wrapper.application; includeInIndex = 0; path = quizapp.app; sourceTree = BUILT_PRODUCTS_DIR; };
		64262C7B2BC423CD00F644A7 /* quizappApp.swift */ = {isa = PBXFileReference; lastKnownFileType = sourcecode.swift; path = quizappApp.swift; sourceTree = "<group>"; };
		64262C7D2BC423CD00F644A7 /* ContentView.swift */ = {isa = PBXFileReference; lastKnownFileType = sourcecode.swift; path = ContentView.swift; sourceTree = "<group>"; };
		64262C7F2BC423D000F644A7 /* Assets.xcassets */ = {isa = PBXFileReference; lastKnownFileType = folder.assetcatalog; path = Assets.xcassets; sourceTree = "<group>"; };
		64262C812BC423D000F644A7 /* quizapp.entitlements */ = {isa = PBXFileReference; lastKnownFileType = text.plist.entitlements; path = quizapp.entitlements; sourceTree = "<group>"; };
		64262C832BC423D000F644A7 /* Preview Assets.xcassets */ = {isa = PBXFileReference; lastKnownFileType = folder.assetcatalog; path = "Preview Assets.xcassets"; sourceTree = "<group>"; };
		64262C892BC423D000F644A7 /* quizappTests.xctest */ = {isa = PBXFileReference; explicitFileType = wrapper.cfbundle; includeInIndex = 0; path = quizappTests.xctest; sourceTree = BUILT_PRODUCTS_DIR; };
		64262C8D2BC423D000F644A7 /* quizappTests.swift */ = {isa = PBXFileReference; lastKnownFileType = sourcecode.swift; path = quizappTests.swift; sourceTree = "<group>"; };
		64262C932BC423D000F644A7 /* quizappUITests.xctest */ = {isa = PBXFileReference; explicitFileType = wrapper.cfbundle; includeInIndex = 0; path = quizappUITests.xctest; sourceTree = BUILT_PRODUCTS_DIR; };
		64262C972BC423D000F644A7 /* quizappUITests.swift */ = {isa = PBXFileReference; lastKnownFileType = sourcecode.swift; path = quizappUITests.swift; sourceTree = "<group>"; };
		64262C992BC423D000F644A7 /* quizappUITestsLaunchTests.swift */ = {isa = PBXFileReference; lastKnownFileType = sourcecode.swift; path = quizappUITestsLaunchTests.swift; sourceTree = "<group>"; };
		64262CA82BC42C2600F644A7 /* FastAnswerQuestion.swift */ = {isa = PBXFileReference; lastKnownFileType = sourcecode.swift; path = FastAnswerQuestion.swift; sourceTree = "<group>"; };
/* End PBXFileReference section */

/* Begin PBXFrameworksBuildPhase section */
		64262C752BC423CD00F644A7 /* Frameworks */ = {
			isa = PBXFrameworksBuildPhase;
			buildActionMask = 2147483647;
			files = (
			);
			runOnlyForDeploymentPostprocessing = 0;
		};
		64262C862BC423D000F644A7 /* Frameworks */ = {
			isa = PBXFrameworksBuildPhase;
			buildActionMask = 2147483647;
			files = (
			);
			runOnlyForDeploymentPostprocessing = 0;
		};
		64262C902BC423D000F644A7 /* Frameworks */ = {
			isa = PBXFrameworksBuildPhase;
			buildActionMask = 2147483647;
			files = (
			);
			runOnlyForDeploymentPostprocessing = 0;
		};
/* End PBXFrameworksBuildPhase section */

/* Begin PBXGroup section */
		64262C6F2BC423CD00F644A7 = {
			isa = PBXGroup;
			children = (
				64262C7A2BC423CD00F644A7 /* quizapp */,
				64262C8C2BC423D000F644A7 /* quizappTests */,
				64262C962BC423D000F644A7 /* quizappUITests */,
				64262C792BC423CD00F644A7 /* Products */,
			);
			sourceTree = "<group>";
		};
		64262C792BC423CD00F644A7 /* Products */ = {
			isa = PBXGroup;
			children = (
				64262C782BC423CD00F644A7 /* quizapp.app */,
				64262C892BC423D000F644A7 /* quizappTests.xctest */,
				64262C932BC423D000F644A7 /* quizappUITests.xctest */,
			);
			name = Products;
			sourceTree = "<group>";
		};
		64262C7A2BC423CD00F644A7 /* quizapp */ = {
			isa = PBXGroup;
			children = (
				64262CA82BC42C2600F644A7 /* FastAnswerQuestion.swift */,
				64262C7B2BC423CD00F644A7 /* quizappApp.swift */,
				64262C7D2BC423CD00F644A7 /* ContentView.swift */,
				64262C7F2BC423D000F644A7 /* Assets.xcassets */,
				64262C812BC423D000F644A7 /* quizapp.entitlements */,
				64262C822BC423D000F644A7 /* Preview Content */,
			);
			path = quizapp;
			sourceTree = "<group>";
		};
		64262C822BC423D000F644A7 /* Preview Content */ = {
			isa = PBXGroup;
			children = (
				64262C832BC423D000F644A7 /* Preview Assets.xcassets */,
			);
			path = "Preview Content";
			sourceTree = "<group>";
		};
		64262C8C2BC423D000F644A7 /* quizappTests */ = {
			isa = PBXGroup;
			children = (
				64262C8D2BC423D000F644A7 /* quizappTests.swift */,
			);
			path = quizappTests;
			sourceTree = "<group>";
		};
		64262C962BC423D000F644A7 /* quizappUITests */ = {
			isa = PBXGroup;
			children = (
				64262C972BC423D000F644A7 /* quizappUITests.swift */,
				64262C992BC423D000F644A7 /* quizappUITestsLaunchTests.swift */,
			);
			path = quizappUITests;
			sourceTree = "<group>";
		};
/* End PBXGroup section */

/* Begin PBXNativeTarget section */
		64262C772BC423CD00F644A7 /* quizapp */ = {
			isa = PBXNativeTarget;
			buildConfigurationList = 64262C9D2BC423D000F644A7 /* Build configuration list for PBXNativeTarget "quizapp" */;
			buildPhases = (
				64262C742BC423CD00F644A7 /* Sources */,
				64262C752BC423CD00F644A7 /* Frameworks */,
				64262C762BC423CD00F644A7 /* Resources */,
			);
			buildRules = (
			);
			dependencies = (
			);
			name = quizapp;
			productName = quizapp;
			productReference = 64262C782BC423CD00F644A7 /* quizapp.app */;
			productType = "com.apple.product-type.application";
		};
		64262C882BC423D000F644A7 /* quizappTests */ = {
			isa = PBXNativeTarget;
			buildConfigurationList = 64262CA02BC423D000F644A7 /* Build configuration list for PBXNativeTarget "quizappTests" */;
			buildPhases = (
				64262C852BC423D000F644A7 /* Sources */,
				64262C862BC423D000F644A7 /* Frameworks */,
				64262C872BC423D000F644A7 /* Resources */,
			);
			buildRules = (
			);
			dependencies = (
				64262C8B2BC423D000F644A7 /* PBXTargetDependency */,
			);
			name = quizappTests;
			productName = quizappTests;
			productReference = 64262C892BC423D000F644A7 /* quizappTests.xctest */;
			productType = "com.apple.product-type.bundle.unit-test";
		};
		64262C922BC423D000F644A7 /* quizappUITests */ = {
			isa = PBXNativeTarget;
			buildConfigurationList = 64262CA32BC423D000F644A7 /* Build configuration list for PBXNativeTarget "quizappUITests" */;
			buildPhases = (
				64262C8F2BC423D000F644A7 /* Sources */,
				64262C902BC423D000F644A7 /* Frameworks */,
				64262C912BC423D000F644A7 /* Resources */,
			);
			buildRules = (
			);
			dependencies = (
				64262C952BC423D000F644A7 /* PBXTargetDependency */,
			);
			name = quizappUITests;
			productName = quizappUITests;
			productReference = 64262C932BC423D000F644A7 /* quizappUITests.xctest */;
			productType = "com.apple.product-type.bundle.ui-testing";
		};
/* End PBXNativeTarget section */

/* Begin PBXProject section */
		64262C702BC423CD00F644A7 /* Project object */ = {
			isa = PBXProject;
			attributes = {
				BuildIndependentTargetsInParallel = 1;
				LastSwiftUpdateCheck = 1530;
				LastUpgradeCheck = 1530;
				TargetAttributes = {
					64262C772BC423CD00F644A7 = {
						CreatedOnToolsVersion = 15.3;
					};
					64262C882BC423D000F644A7 = {
						CreatedOnToolsVersion = 15.3;
						TestTargetID = 64262C772BC423CD00F644A7;
					};
					64262C922BC423D000F644A7 = {
						CreatedOnToolsVersion = 15.3;
						TestTargetID = 64262C772BC423CD00F644A7;
					};
				};
			};
			buildConfigurationList = 64262C732BC423CD00F644A7 /* Build configuration list for PBXProject "quizapp" */;
			compatibilityVersion = "Xcode 14.0";
			developmentRegion = en;
			hasScannedForEncodings = 0;
			knownRegions = (
				en,
				Base,
			);
			mainGroup = 64262C6F2BC423CD00F644A7;
			productRefGroup = 64262C792BC423CD00F644A7 /* Products */;
			projectDirPath = "";
			projectRoot = "";
			targets = (
				64262C772BC423CD00F644A7 /* quizapp */,
				64262C882BC423D000F644A7 /* quizappTests */,
				64262C922BC423D000F644A7 /* quizappUITests */,
			);
		};
/* End PBXProject section */

/* Begin PBXResourcesBuildPhase section */
		64262C762BC423CD00F644A7 /* Resources */ = {
			isa = PBXResourcesBuildPhase;
			buildActionMask = 2147483647;
			files = (
				64262C842BC423D000F644A7 /* Preview Assets.xcassets in Resources */,
				64262C802BC423D000F644A7 /* Assets.xcassets in Resources */,
			);
			runOnlyForDeploymentPostprocessing = 0;
		};
		64262C872BC423D000F644A7 /* Resources */ = {
			isa = PBXResourcesBuildPhase;
			buildActionMask = 2147483647;
			files = (
			);
			runOnlyForDeploymentPostprocessing = 0;
		};
		64262C912BC423D000F644A7 /* Resources */ = {
			isa = PBXResourcesBuildPhase;
			buildActionMask = 2147483647;
			files = (
			);
			runOnlyForDeploymentPostprocessing = 0;
		};
/* End PBXResourcesBuildPhase section */

/* Begin PBXSourcesBuildPhase section */
		64262C742BC423CD00F644A7 /* Sources */ = {
			isa = PBXSourcesBuildPhase;
			buildActionMask = 2147483647;
			files = (
				64262CA92BC42C2600F644A7 /* FastAnswerQuestion.swift in Sources */,
				64262C7C2BC423CD00F644A7 /* quizappApp.swift in Sources */,
				644A29F02BC56FB700811CC4 /* ContentView.swift in Sources */,
			);
			runOnlyForDeploymentPostprocessing = 0;
		};
		64262C852BC423D000F644A7 /* Sources */ = {
			isa = PBXSourcesBuildPhase;
			buildActionMask = 2147483647;
			files = (
				64262C8E2BC423D000F644A7 /* quizappTests.swift in Sources */,
			);
			runOnlyForDeploymentPostprocessing = 0;
		};
		64262C8F2BC423D000F644A7 /* Sources */ = {
			isa = PBXSourcesBuildPhase;
			buildActionMask = 2147483647;
			files = (
				64262C982BC423D000F644A7 /* quizappUITests.swift in Sources */,
				64262C9A2BC423D000F644A7 /* quizappUITestsLaunchTests.swift in Sources */,
			);
			runOnlyForDeploymentPostprocessing = 0;
		};
/* End PBXSourcesBuildPhase section */

/* Begin PBXTargetDependency section */
		64262C8B2BC423D000F644A7 /* PBXTargetDependency */ = {
			isa = PBXTargetDependency;
			target = 64262C772BC423CD00F644A7 /* quizapp */;
			targetProxy = 64262C8A2BC423D000F644A7 /* PBXContainerItemProxy */;
		};
		64262C952BC423D000F644A7 /* PBXTargetDependency */ = {
			isa = PBXTargetDependency;
			target = 64262C772BC423CD00F644A7 /* quizapp */;
			targetProxy = 64262C942BC423D000F644A7 /* PBXContainerItemProxy */;
		};
/* End PBXTargetDependency section */

/* Begin XCBuildConfiguration section */
		64262C9B2BC423D000F644A7 /* Debug */ = {
			isa = XCBuildConfiguration;
			buildSettings = {
				ALWAYS_SEARCH_USER_PATHS = NO;
				ASSETCATALOG_COMPILER_GENERATE_SWIFT_ASSET_SYMBOL_EXTENSIONS = YES;
				CLANG_ANALYZER_NONNULL = YES;
				CLANG_ANALYZER_NUMBER_OBJECT_CONVERSION = YES_AGGRESSIVE;
				CLANG_CXX_LANGUAGE_STANDARD = "gnu++20";
				CLANG_ENABLE_MODULES = YES;
				CLANG_ENABLE_OBJC_ARC = YES;
				CLANG_ENABLE_OBJC_WEAK = YES;
				CLANG_WARN_BLOCK_CAPTURE_AUTORELEASING = YES;
				CLANG_WARN_BOOL_CONVERSION = YES;
				CLANG_WARN_COMMA = YES;
				CLANG_WARN_CONSTANT_CONVERSION = YES;
				CLANG_WARN_DEPRECATED_OBJC_IMPLEMENTATIONS = YES;
				CLANG_WARN_DIRECT_OBJC_ISA_USAGE = YES_ERROR;
				CLANG_WARN_DOCUMENTATION_COMMENTS = YES;
				CLANG_WARN_EMPTY_BODY = YES;
				CLANG_WARN_ENUM_CONVERSION = YES;
				CLANG_WARN_INFINITE_RECURSION = YES;
				CLANG_WARN_INT_CONVERSION = YES;
				CLANG_WARN_NON_LITERAL_NULL_CONVERSION = YES;
				CLANG_WARN_OBJC_IMPLICIT_RETAIN_SELF = YES;
				CLANG_WARN_OBJC_LITERAL_CONVERSION = YES;
				CLANG_WARN_OBJC_ROOT_CLASS = YES_ERROR;
				CLANG_WARN_QUOTED_INCLUDE_IN_FRAMEWORK_HEADER = YES;
				CLANG_WARN_RANGE_LOOP_ANALYSIS = YES;
				CLANG_WARN_STRICT_PROTOTYPES = YES;
				CLANG_WARN_SUSPICIOUS_MOVE = YES;
				CLANG_WARN_UNGUARDED_AVAILABILITY = YES_AGGRESSIVE;
				CLANG_WARN_UNREACHABLE_CODE = YES;
				CLANG_WARN__DUPLICATE_METHOD_MATCH = YES;
				COPY_PHASE_STRIP = NO;
				DEBUG_INFORMATION_FORMAT = dwarf;
				ENABLE_STRICT_OBJC_MSGSEND = YES;
				ENABLE_TESTABILITY = YES;
				ENABLE_USER_SCRIPT_SANDBOXING = YES;
				GCC_C_LANGUAGE_STANDARD = gnu17;
				GCC_DYNAMIC_NO_PIC = NO;
				GCC_NO_COMMON_BLOCKS = YES;
				GCC_OPTIMIZATION_LEVEL = 0;
				GCC_PREPROCESSOR_DEFINITIONS = (
					"DEBUG=1",
					"$(inherited)",
				);
				GCC_WARN_64_TO_32_BIT_CONVERSION = YES;
				GCC_WARN_ABOUT_RETURN_TYPE = YES_ERROR;
				GCC_WARN_UNDECLARED_SELECTOR = YES;
				GCC_WARN_UNINITIALIZED_AUTOS = YES_AGGRESSIVE;
				GCC_WARN_UNUSED_FUNCTION = YES;
				GCC_WARN_UNUSED_VARIABLE = YES;
				LOCALIZATION_PREFERS_STRING_CATALOGS = YES;
				MTL_ENABLE_DEBUG_INFO = INCLUDE_SOURCE;
				MTL_FAST_MATH = YES;
				ONLY_ACTIVE_ARCH = YES;
				SWIFT_ACTIVE_COMPILATION_CONDITIONS = "DEBUG $(inherited)";
				SWIFT_OPTIMIZATION_LEVEL = "-Onone";
			};
			name = Debug;
		};
		64262C9C2BC423D000F644A7 /* Release */ = {
			isa = XCBuildConfiguration;
			buildSettings = {
				ALWAYS_SEARCH_USER_PATHS = NO;
				ASSETCATALOG_COMPILER_GENERATE_SWIFT_ASSET_SYMBOL_EXTENSIONS = YES;
				CLANG_ANALYZER_NONNULL = YES;
				CLANG_ANALYZER_NUMBER_OBJECT_CONVERSION = YES_AGGRESSIVE;
				CLANG_CXX_LANGUAGE_STANDARD = "gnu++20";
				CLANG_ENABLE_MODULES = YES;
				CLANG_ENABLE_OBJC_ARC = YES;
				CLANG_ENABLE_OBJC_WEAK = YES;
				CLANG_WARN_BLOCK_CAPTURE_AUTORELEASING = YES;
				CLANG_WARN_BOOL_CONVERSION = YES;
				CLANG_WARN_COMMA = YES;
				CLANG_WARN_CONSTANT_CONVERSION = YES;
				CLANG_WARN_DEPRECATED_OBJC_IMPLEMENTATIONS = YES;
				CLANG_WARN_DIRECT_OBJC_ISA_USAGE = YES_ERROR;
				CLANG_WARN_DOCUMENTATION_COMMENTS = YES;
				CLANG_WARN_EMPTY_BODY = YES;
				CLANG_WARN_ENUM_CONVERSION = YES;
				CLANG_WARN_INFINITE_RECURSION = YES;
				CLANG_WARN_INT_CONVERSION = YES;
				CLANG_WARN_NON_LITERAL_NULL_CONVERSION = YES;
				CLANG_WARN_OBJC_IMPLICIT_RETAIN_SELF = YES;
				CLANG_WARN_OBJC_LITERAL_CONVERSION = YES;
				CLANG_WARN_OBJC_ROOT_CLASS = YES_ERROR;
				CLANG_WARN_QUOTED_INCLUDE_IN_FRAMEWORK_HEADER = YES;
				CLANG_WARN_RANGE_LOOP_ANALYSIS = YES;
				CLANG_WARN_STRICT_PROTOTYPES = YES;
				CLANG_WARN_SUSPICIOUS_MOVE = YES;
				CLANG_WARN_UNGUARDED_AVAILABILITY = YES_AGGRESSIVE;
				CLANG_WARN_UNREACHABLE_CODE = YES;
				CLANG_WARN__DUPLICATE_METHOD_MATCH = YES;
				COPY_PHASE_STRIP = NO;
				DEBUG_INFORMATION_FORMAT = "dwarf-with-dsym";
				ENABLE_NS_ASSERTIONS = NO;
				ENABLE_STRICT_OBJC_MSGSEND = YES;
				ENABLE_USER_SCRIPT_SANDBOXING = YES;
				GCC_C_LANGUAGE_STANDARD = gnu17;
				GCC_NO_COMMON_BLOCKS = YES;
				GCC_WARN_64_TO_32_BIT_CONVERSION = YES;
				GCC_WARN_ABOUT_RETURN_TYPE = YES_ERROR;
				GCC_WARN_UNDECLARED_SELECTOR = YES;
				GCC_WARN_UNINITIALIZED_AUTOS = YES_AGGRESSIVE;
				GCC_WARN_UNUSED_FUNCTION = YES;
				GCC_WARN_UNUSED_VARIABLE = YES;
				LOCALIZATION_PREFERS_STRING_CATALOGS = YES;
				MTL_ENABLE_DEBUG_INFO = NO;
				MTL_FAST_MATH = YES;
				SWIFT_COMPILATION_MODE = wholemodule;
			};
			name = Release;
		};
		64262C9E2BC423D000F644A7 /* Debug */ = {
			isa = XCBuildConfiguration;
			buildSettings = {
				ASSETCATALOG_COMPILER_APPICON_NAME = AppIcon;
				ASSETCATALOG_COMPILER_GLOBAL_ACCENT_COLOR_NAME = AccentColor;
				CODE_SIGN_ENTITLEMENTS = quizapp/quizapp.entitlements;
				CODE_SIGN_STYLE = Automatic;
				CURRENT_PROJECT_VERSION = 1;
				DEVELOPMENT_ASSET_PATHS = "\"quizapp/Preview Content\"";
				DEVELOPMENT_TEAM = 2HPJDNMHXV;
				ENABLE_PREVIEWS = YES;
				GENERATE_INFOPLIST_FILE = YES;
				"INFOPLIST_KEY_UIApplicationSceneManifest_Generation[sdk=iphoneos*]" = YES;
				"INFOPLIST_KEY_UIApplicationSceneManifest_Generation[sdk=iphonesimulator*]" = YES;
				"INFOPLIST_KEY_UIApplicationSupportsIndirectInputEvents[sdk=iphoneos*]" = YES;
				"INFOPLIST_KEY_UIApplicationSupportsIndirectInputEvents[sdk=iphonesimulator*]" = YES;
				"INFOPLIST_KEY_UILaunchScreen_Generation[sdk=iphoneos*]" = YES;
				"INFOPLIST_KEY_UILaunchScreen_Generation[sdk=iphonesimulator*]" = YES;
				"INFOPLIST_KEY_UIStatusBarStyle[sdk=iphoneos*]" = UIStatusBarStyleDefault;
				"INFOPLIST_KEY_UIStatusBarStyle[sdk=iphonesimulator*]" = UIStatusBarStyleDefault;
				INFOPLIST_KEY_UISupportedInterfaceOrientations_iPad = "UIInterfaceOrientationPortrait UIInterfaceOrientationPortraitUpsideDown UIInterfaceOrientationLandscapeLeft UIInterfaceOrientationLandscapeRight";
				INFOPLIST_KEY_UISupportedInterfaceOrientations_iPhone = "UIInterfaceOrientationPortrait UIInterfaceOrientationLandscapeLeft UIInterfaceOrientationLandscapeRight";
				IPHONEOS_DEPLOYMENT_TARGET = 17.4;
				LD_RUNPATH_SEARCH_PATHS = "@executable_path/Frameworks";
				"LD_RUNPATH_SEARCH_PATHS[sdk=macosx*]" = "@executable_path/../Frameworks";
				MACOSX_DEPLOYMENT_TARGET = 14.1;
				MARKETING_VERSION = 1.0;
				PRODUCT_BUNDLE_IDENTIFIER = Haerle.quizapp;
				PRODUCT_NAME = "$(TARGET_NAME)";
				SDKROOT = auto;
				SUPPORTED_PLATFORMS = "iphoneos iphonesimulator macosx";
				SWIFT_EMIT_LOC_STRINGS = YES;
				SWIFT_VERSION = 5.0;
				TARGETED_DEVICE_FAMILY = "1,2";
			};
			name = Debug;
		};
		64262C9F2BC423D000F644A7 /* Release */ = {
			isa = XCBuildConfiguration;
			buildSettings = {
				ASSETCATALOG_COMPILER_APPICON_NAME = AppIcon;
				ASSETCATALOG_COMPILER_GLOBAL_ACCENT_COLOR_NAME = AccentColor;
				CODE_SIGN_ENTITLEMENTS = quizapp/quizapp.entitlements;
				CODE_SIGN_STYLE = Automatic;
				CURRENT_PROJECT_VERSION = 1;
				DEVELOPMENT_ASSET_PATHS = "\"quizapp/Preview Content\"";
				DEVELOPMENT_TEAM = 2HPJDNMHXV;
				ENABLE_PREVIEWS = YES;
				GENERATE_INFOPLIST_FILE = YES;
				"INFOPLIST_KEY_UIApplicationSceneManifest_Generation[sdk=iphoneos*]" = YES;
				"INFOPLIST_KEY_UIApplicationSceneManifest_Generation[sdk=iphonesimulator*]" = YES;
				"INFOPLIST_KEY_UIApplicationSupportsIndirectInputEvents[sdk=iphoneos*]" = YES;
				"INFOPLIST_KEY_UIApplicationSupportsIndirectInputEvents[sdk=iphonesimulator*]" = YES;
				"INFOPLIST_KEY_UILaunchScreen_Generation[sdk=iphoneos*]" = YES;
				"INFOPLIST_KEY_UILaunchScreen_Generation[sdk=iphonesimulator*]" = YES;
				"INFOPLIST_KEY_UIStatusBarStyle[sdk=iphoneos*]" = UIStatusBarStyleDefault;
				"INFOPLIST_KEY_UIStatusBarStyle[sdk=iphonesimulator*]" = UIStatusBarStyleDefault;
				INFOPLIST_KEY_UISupportedInterfaceOrientations_iPad = "UIInterfaceOrientationPortrait UIInterfaceOrientationPortraitUpsideDown UIInterfaceOrientationLandscapeLeft UIInterfaceOrientationLandscapeRight";
				INFOPLIST_KEY_UISupportedInterfaceOrientations_iPhone = "UIInterfaceOrientationPortrait UIInterfaceOrientationLandscapeLeft UIInterfaceOrientationLandscapeRight";
				IPHONEOS_DEPLOYMENT_TARGET = 17.4;
				LD_RUNPATH_SEARCH_PATHS = "@executable_path/Frameworks";
				"LD_RUNPATH_SEARCH_PATHS[sdk=macosx*]" = "@executable_path/../Frameworks";
				MACOSX_DEPLOYMENT_TARGET = 14.1;
				MARKETING_VERSION = 1.0;
				PRODUCT_BUNDLE_IDENTIFIER = Haerle.quizapp;
				PRODUCT_NAME = "$(TARGET_NAME)";
				SDKROOT = auto;
				SUPPORTED_PLATFORMS = "iphoneos iphonesimulator macosx";
				SWIFT_EMIT_LOC_STRINGS = YES;
				SWIFT_VERSION = 5.0;
				TARGETED_DEVICE_FAMILY = "1,2";
			};
			name = Release;
		};
		64262CA12BC423D000F644A7 /* Debug */ = {
			isa = XCBuildConfiguration;
			buildSettings = {
				ALWAYS_EMBED_SWIFT_STANDARD_LIBRARIES = YES;
				BUNDLE_LOADER = "$(TEST_HOST)";
				CODE_SIGN_STYLE = Automatic;
				CURRENT_PROJECT_VERSION = 1;
				GENERATE_INFOPLIST_FILE = YES;
				IPHONEOS_DEPLOYMENT_TARGET = 17.4;
				MACOSX_DEPLOYMENT_TARGET = 14.1;
				MARKETING_VERSION = 1.0;
				PRODUCT_BUNDLE_IDENTIFIER = Haerle.quizappTests;
				PRODUCT_NAME = "$(TARGET_NAME)";
				SDKROOT = auto;
				SUPPORTED_PLATFORMS = "iphoneos iphonesimulator macosx";
				SWIFT_EMIT_LOC_STRINGS = NO;
				SWIFT_VERSION = 5.0;
				TARGETED_DEVICE_FAMILY = "1,2";
				TEST_HOST = "$(BUILT_PRODUCTS_DIR)/quizapp.app/$(BUNDLE_EXECUTABLE_FOLDER_PATH)/quizapp";
			};
			name = Debug;
		};
		64262CA22BC423D000F644A7 /* Release */ = {
			isa = XCBuildConfiguration;
			buildSettings = {
				ALWAYS_EMBED_SWIFT_STANDARD_LIBRARIES = YES;
				BUNDLE_LOADER = "$(TEST_HOST)";
				CODE_SIGN_STYLE = Automatic;
				CURRENT_PROJECT_VERSION = 1;
				GENERATE_INFOPLIST_FILE = YES;
				IPHONEOS_DEPLOYMENT_TARGET = 17.4;
				MACOSX_DEPLOYMENT_TARGET = 14.1;
				MARKETING_VERSION = 1.0;
				PRODUCT_BUNDLE_IDENTIFIER = Haerle.quizappTests;
				PRODUCT_NAME = "$(TARGET_NAME)";
				SDKROOT = auto;
				SUPPORTED_PLATFORMS = "iphoneos iphonesimulator macosx";
				SWIFT_EMIT_LOC_STRINGS = NO;
				SWIFT_VERSION = 5.0;
				TARGETED_DEVICE_FAMILY = "1,2";
				TEST_HOST = "$(BUILT_PRODUCTS_DIR)/quizapp.app/$(BUNDLE_EXECUTABLE_FOLDER_PATH)/quizapp";
			};
			name = Release;
		};
		64262CA42BC423D000F644A7 /* Debug */ = {
			isa = XCBuildConfiguration;
			buildSettings = {
				ALWAYS_EMBED_SWIFT_STANDARD_LIBRARIES = YES;
				CODE_SIGN_STYLE = Automatic;
				CURRENT_PROJECT_VERSION = 1;
				GENERATE_INFOPLIST_FILE = YES;
				IPHONEOS_DEPLOYMENT_TARGET = 17.4;
				MACOSX_DEPLOYMENT_TARGET = 14.1;
				MARKETING_VERSION = 1.0;
				PRODUCT_BUNDLE_IDENTIFIER = Haerle.quizappUITests;
				PRODUCT_NAME = "$(TARGET_NAME)";
				SDKROOT = auto;
				SUPPORTED_PLATFORMS = "iphoneos iphonesimulator macosx";
				SWIFT_EMIT_LOC_STRINGS = NO;
				SWIFT_VERSION = 5.0;
				TARGETED_DEVICE_FAMILY = "1,2";
				TEST_TARGET_NAME = quizapp;
			};
			name = Debug;
		};
		64262CA52BC423D000F644A7 /* Release */ = {
			isa = XCBuildConfiguration;
			buildSettings = {
				ALWAYS_EMBED_SWIFT_STANDARD_LIBRARIES = YES;
				CODE_SIGN_STYLE = Automatic;
				CURRENT_PROJECT_VERSION = 1;
				GENERATE_INFOPLIST_FILE = YES;
				IPHONEOS_DEPLOYMENT_TARGET = 17.4;
				MACOSX_DEPLOYMENT_TARGET = 14.1;
				MARKETING_VERSION = 1.0;
				PRODUCT_BUNDLE_IDENTIFIER = Haerle.quizappUITests;
				PRODUCT_NAME = "$(TARGET_NAME)";
				SDKROOT = auto;
				SUPPORTED_PLATFORMS = "iphoneos iphonesimulator macosx";
				SWIFT_EMIT_LOC_STRINGS = NO;
				SWIFT_VERSION = 5.0;
				TARGETED_DEVICE_FAMILY = "1,2";
				TEST_TARGET_NAME = quizapp;
			};
			name = Release;
		};
/* End XCBuildConfiguration section */

/* Begin XCConfigurationList section */
		64262C732BC423CD00F644A7 /* Build configuration list for PBXProject "quizapp" */ = {
			isa = XCConfigurationList;
			buildConfigurations = (
				64262C9B2BC423D000F644A7 /* Debug */,
				64262C9C2BC423D000F644A7 /* Release */,
			);
			defaultConfigurationIsVisible = 0;
			defaultConfigurationName = Release;
		};
		64262C9D2BC423D000F644A7 /* Build configuration list for PBXNativeTarget "quizapp" */ = {
			isa = XCConfigurationList;
			buildConfigurations = (
				64262C9E2BC423D000F644A7 /* Debug */,
				64262C9F2BC423D000F644A7 /* Release */,
			);
			defaultConfigurationIsVisible = 0;
			defaultConfigurationName = Release;
		};
		64262CA02BC423D000F644A7 /* Build configuration list for PBXNativeTarget "quizappTests" */ = {
			isa = XCConfigurationList;
			buildConfigurations = (
				64262CA12BC423D000F644A7 /* Debug */,
				64262CA22BC423D000F644A7 /* Release */,
			);
			defaultConfigurationIsVisible = 0;
			defaultConfigurationName = Release;
		};
		64262CA32BC423D000F644A7 /* Build configuration list for PBXNativeTarget "quizappUITests" */ = {
			isa = XCConfigurationList;
			buildConfigurations = (
				64262CA42BC423D000F644A7 /* Debug */,
				64262CA52BC423D000F644A7 /* Release */,
			);
			defaultConfigurationIsVisible = 0;
			defaultConfigurationName = Release;
		};
/* End XCConfigurationList section */
	};
	rootObject = 64262C702BC423CD00F644A7 /* Project object */;
}
